PODS:
  - Alamofire (5.2.1)
  - SVProgressHUD (2.2.5)
  - XMLCoder (0.11.1)

DEPENDENCIES:
  - Alamofire (~> 5.0)
  - SVProgressHUD
  - XMLCoder (~> 0.11.1)

SPEC REPOS:
  trunk:
    - Alamofire
    - SVProgressHUD
    - XMLCoder

SPEC CHECKSUMS:
  Alamofire: e911732990610fe89af59ac0077f923d72dc3dfd
  SVProgressHUD: 1428aafac632c1f86f62aa4243ec12008d7a51d6
  XMLCoder: c4638336674de7ba279cd23f2005817d69f538e0

PODFILE CHECKSUM: 0dd4c080a73a009c379c7caebad572340148a3aa

COCOAPODS: 1.8.4
